// !$*UTF8*$!
{
	archiveVersion = 1;
	classes = {
	};
	objectVersion = 50;
	objects = {

/* Begin PBXBuildFile section */
		094592192208B66600744277 /* PostModel.swift in Sources */ = {isa = PBXBuildFile; fileRef = 094592182208B66600744277 /* PostModel.swift */; };
		0945921C2208C1BB00744277 /* UIImageExtension.swift in Sources */ = {isa = PBXBuildFile; fileRef = 0945921B2208C1BB00744277 /* UIImageExtension.swift */; };
		097213692204F93300778B51 /* ScheduleViewCOntroller.swift in Sources */ = {isa = PBXBuildFile; fileRef = 097213682204F93300778B51 /* ScheduleViewCOntroller.swift */; };
		0972136B2204F95F00778B51 /* DayCell.swift in Sources */ = {isa = PBXBuildFile; fileRef = 0972136A2204F95F00778B51 /* DayCell.swift */; };
		09727BE52210F1580009E58E /* NoteAPI.swift in Sources */ = {isa = PBXBuildFile; fileRef = 09727BE42210F1580009E58E /* NoteAPI.swift */; };
		09727BE72210F6650009E58E /* NoteModel.swift in Sources */ = {isa = PBXBuildFile; fileRef = 09727BE62210F6650009E58E /* NoteModel.swift */; };
		0979E19921FB76EB002C421D /* FeedCell.swift in Sources */ = {isa = PBXBuildFile; fileRef = 0979E19821FB76EB002C421D /* FeedCell.swift */; };
		0979E19C21FB8F00002C421D /* FeedViewController.swift in Sources */ = {isa = PBXBuildFile; fileRef = 0979E19B21FB8F00002C421D /* FeedViewController.swift */; };
		0979E19F21FB8FBD002C421D /* VideosViewController.swift in Sources */ = {isa = PBXBuildFile; fileRef = 0979E19E21FB8FBD002C421D /* VideosViewController.swift */; };
		09B85A9A220CB5230004D41A /* NoteListViewController.swift in Sources */ = {isa = PBXBuildFile; fileRef = 09B85A99220CB5230004D41A /* NoteListViewController.swift */; };
		09B85A9D220CBB8F0004D41A /* EditNoteViewController.swift in Sources */ = {isa = PBXBuildFile; fileRef = 09B85A9C220CBB8F0004D41A /* EditNoteViewController.swift */; };
		09B85A9F220CBFD10004D41A /* DateExt.swift in Sources */ = {isa = PBXBuildFile; fileRef = 09B85A9E220CBFD10004D41A /* DateExt.swift */; };
		745224E5221F084C001AE73A /* KeyboardDismiss.swift in Sources */ = {isa = PBXBuildFile; fileRef = 745224E4221F084C001AE73A /* KeyboardDismiss.swift */; };
		74DA594C221C634100817365 /* PdfModel.swift in Sources */ = {isa = PBXBuildFile; fileRef = 74DA594B221C634000817365 /* PdfModel.swift */; };
		74DA594E221C646800817365 /* PdfUploadViewController.swift in Sources */ = {isa = PBXBuildFile; fileRef = 74DA594D221C646800817365 /* PdfUploadViewController.swift */; };
		74DA5951221C6A7600817365 /* AssignmentsApi.swift in Sources */ = {isa = PBXBuildFile; fileRef = 74DA5950221C6A7600817365 /* AssignmentsApi.swift */; };
		948F3294C164BC332457C1F2 /* Pods_GSDA.framework in Frameworks */ = {isa = PBXBuildFile; fileRef = 42ECD5614709DAB330D2E295 /* Pods_GSDA.framework */; };
		94BE76A62138E3170086B560 /* AppDelegate.swift in Sources */ = {isa = PBXBuildFile; fileRef = 94BE76A52138E3170086B560 /* AppDelegate.swift */; };
		94BE76AE2138E3170086B560 /* GSDA.xcdatamodeld in Sources */ = {isa = PBXBuildFile; fileRef = 94BE76AC2138E3170086B560 /* GSDA.xcdatamodeld */; };
		94BE76B02138E3180086B560 /* Assets.xcassets in Resources */ = {isa = PBXBuildFile; fileRef = 94BE76AF2138E3180086B560 /* Assets.xcassets */; };
		94BE76B32138E3180086B560 /* LaunchScreen.storyboard in Resources */ = {isa = PBXBuildFile; fileRef = 94BE76B12138E3180086B560 /* LaunchScreen.storyboard */; };
		94C19D2E213B292F00350658 /* AuthService.swift in Sources */ = {isa = PBXBuildFile; fileRef = 94C19D2D213B292F00350658 /* AuthService.swift */; };
		94C19D30213B2A9000350658 /* GoogleService-Info.plist in Resources */ = {isa = PBXBuildFile; fileRef = 94C19D2F213B2A9000350658 /* GoogleService-Info.plist */; };
		964D623322039F2A00C2ED12 /* MyPostsApi.swift in Sources */ = {isa = PBXBuildFile; fileRef = 964D623222039F2A00C2ED12 /* MyPostsApi.swift */; };
		964D623522039F8C00C2ED12 /* FeedApi.swift in Sources */ = {isa = PBXBuildFile; fileRef = 964D623422039F8C00C2ED12 /* FeedApi.swift */; };
		965961E6220B720000178B34 /* AssignmentViewController.swift in Sources */ = {isa = PBXBuildFile; fileRef = 965961E5220B720000178B34 /* AssignmentViewController.swift */; };
		9676465421FBA2AE00F8F660 /* UploadContentViewController.swift in Sources */ = {isa = PBXBuildFile; fileRef = 9676465321FBA2AE00F8F660 /* UploadContentViewController.swift */; };
		967D81C921FBAF310007BA68 /* Api.swift in Sources */ = {isa = PBXBuildFile; fileRef = 967D81C821FBAF310007BA68 /* Api.swift */; };
		967D81CB21FBAFC90007BA68 /* PostApi.swift in Sources */ = {isa = PBXBuildFile; fileRef = 967D81CA21FBAFC90007BA68 /* PostApi.swift */; };
		967D81CD21FBB0B50007BA68 /* UserApi.swift in Sources */ = {isa = PBXBuildFile; fileRef = 967D81CC21FBB0B50007BA68 /* UserApi.swift */; };
		967D81CF21FBB1600007BA68 /* HelperService.swift in Sources */ = {isa = PBXBuildFile; fileRef = 967D81CE21FBB1600007BA68 /* HelperService.swift */; };
		967D81D121FBB1970007BA68 /* Config.swift in Sources */ = {isa = PBXBuildFile; fileRef = 967D81D021FBB1970007BA68 /* Config.swift */; };
		9680F628220CC488005D2975 /* AssignmentCell.swift in Sources */ = {isa = PBXBuildFile; fileRef = 9680F627220CC488005D2975 /* AssignmentCell.swift */; };
		9680F62A220CCA30005D2975 /* AssignmentControllerViewController.swift in Sources */ = {isa = PBXBuildFile; fileRef = 9680F629220CCA30005D2975 /* AssignmentControllerViewController.swift */; };
		968FF1B221F24516004E5D33 /* UserModel.swift in Sources */ = {isa = PBXBuildFile; fileRef = 968FF1B121F24516004E5D33 /* UserModel.swift */; };
		969CB9D221FDEE7400428C16 /* AuthServ.swift in Sources */ = {isa = PBXBuildFile; fileRef = 969CB9D121FDEE7400428C16 /* AuthServ.swift */; };
		96C48D5F2205ABCD00A4E512 /* ProgressHUD.m in Sources */ = {isa = PBXBuildFile; fileRef = 96C48D5C2205ABAB00A4E512 /* ProgressHUD.m */; };
		96C48D602205ABCD00A4E512 /* ProgressHUD.bundle in Resources */ = {isa = PBXBuildFile; fileRef = 96C48D5D2205ABBB00A4E512 /* ProgressHUD.bundle */; };
		A52967AC2203B94500F317AA /* ExpandedDutyViewController.swift in Sources */ = {isa = PBXBuildFile; fileRef = A52967AB2203B94500F317AA /* ExpandedDutyViewController.swift */; };
		A52967D12203C05500F317AA /* GSDACatalogViewController.swift in Sources */ = {isa = PBXBuildFile; fileRef = A52967BB2203C05200F317AA /* GSDACatalogViewController.swift */; };
		A574C81721E54E5300A6D493 /* PhotoModel.swift in Sources */ = {isa = PBXBuildFile; fileRef = A574C81621E54E5300A6D493 /* PhotoModel.swift */; };
		A574C81B21E7B00400A6D493 /* PhotosViewController.swift in Sources */ = {isa = PBXBuildFile; fileRef = A574C81A21E7B00400A6D493 /* PhotosViewController.swift */; };
		A5B3042F221C9E8E00A01024 /* ProgramInfoViewController.swift in Sources */ = {isa = PBXBuildFile; fileRef = A5B30423221C9E8C00A01024 /* ProgramInfoViewController.swift */; };
		A5B30430221C9E8E00A01024 /* RoswellLocationViewController.swift in Sources */ = {isa = PBXBuildFile; fileRef = A5B30424221C9E8C00A01024 /* RoswellLocationViewController.swift */; };
		A5B30431221C9E8E00A01024 /* HomeViewController.swift in Sources */ = {isa = PBXBuildFile; fileRef = A5B30425221C9E8C00A01024 /* HomeViewController.swift */; };
		A5B30432221C9E8E00A01024 /* ViewController.swift in Sources */ = {isa = PBXBuildFile; fileRef = A5B30426221C9E8C00A01024 /* ViewController.swift */; };
		A5B30433221C9E8E00A01024 /* LocationsViewController.swift in Sources */ = {isa = PBXBuildFile; fileRef = A5B30427221C9E8D00A01024 /* LocationsViewController.swift */; };
		A5B30434221C9E8E00A01024 /* CurriculumViewController.swift in Sources */ = {isa = PBXBuildFile; fileRef = A5B30428221C9E8D00A01024 /* CurriculumViewController.swift */; };
		A5B30435221C9E8E00A01024 /* AccountSettingsViewController.swift in Sources */ = {isa = PBXBuildFile; fileRef = A5B30429221C9E8D00A01024 /* AccountSettingsViewController.swift */; };
		A5B30436221C9E8E00A01024 /* MainMenuViewController.swift in Sources */ = {isa = PBXBuildFile; fileRef = A5B3042A221C9E8D00A01024 /* MainMenuViewController.swift */; };
		A5B30437221C9E8E00A01024 /* CourseMaterialViewController.swift in Sources */ = {isa = PBXBuildFile; fileRef = A5B3042B221C9E8D00A01024 /* CourseMaterialViewController.swift */; };
		A5B30438221C9E8E00A01024 /* KennesawLocationViewController.swift in Sources */ = {isa = PBXBuildFile; fileRef = A5B3042C221C9E8D00A01024 /* KennesawLocationViewController.swift */; };
		A5B30439221C9E8E00A01024 /* ResetPasswordViewController.swift in Sources */ = {isa = PBXBuildFile; fileRef = A5B3042D221C9E8E00A01024 /* ResetPasswordViewController.swift */; };
		A5B3043A221C9E8E00A01024 /* WoodstockLocationViewController.swift in Sources */ = {isa = PBXBuildFile; fileRef = A5B3042E221C9E8E00A01024 /* WoodstockLocationViewController.swift */; };
		A5CB0A0722209296007D0393 /* EnrollExpandedDuty.swift in Sources */ = {isa = PBXBuildFile; fileRef = A5CB0A0622209296007D0393 /* EnrollExpandedDuty.swift */; };
		A5CB0A092220B660007D0393 /* Configurable.swift in Sources */ = {isa = PBXBuildFile; fileRef = A5CB0A082220B660007D0393 /* Configurable.swift */; };
/* End PBXBuildFile section */

/* Begin PBXFileReference section */
		094508C9222F0FC900F8E7F0 /* GSDA.entitlements */ = {isa = PBXFileReference; lastKnownFileType = text.plist.entitlements; path = GSDA.entitlements; sourceTree = "<group>"; };
		094592182208B66600744277 /* PostModel.swift */ = {isa = PBXFileReference; lastKnownFileType = sourcecode.swift; path = PostModel.swift; sourceTree = "<group>"; };
		0945921B2208C1BB00744277 /* UIImageExtension.swift */ = {isa = PBXFileReference; lastKnownFileType = sourcecode.swift; path = UIImageExtension.swift; sourceTree = "<group>"; };
		097213682204F93300778B51 /* ScheduleViewCOntroller.swift */ = {isa = PBXFileReference; lastKnownFileType = sourcecode.swift; path = ScheduleViewCOntroller.swift; sourceTree = "<group>"; };
		0972136A2204F95F00778B51 /* DayCell.swift */ = {isa = PBXFileReference; lastKnownFileType = sourcecode.swift; path = DayCell.swift; sourceTree = "<group>"; };
		09727BE42210F1580009E58E /* NoteAPI.swift */ = {isa = PBXFileReference; lastKnownFileType = sourcecode.swift; path = NoteAPI.swift; sourceTree = "<group>"; };
		09727BE62210F6650009E58E /* NoteModel.swift */ = {isa = PBXFileReference; lastKnownFileType = sourcecode.swift; path = NoteModel.swift; sourceTree = "<group>"; };
		0979E19821FB76EB002C421D /* FeedCell.swift */ = {isa = PBXFileReference; lastKnownFileType = sourcecode.swift; path = FeedCell.swift; sourceTree = "<group>"; };
		0979E19B21FB8F00002C421D /* FeedViewController.swift */ = {isa = PBXFileReference; lastKnownFileType = sourcecode.swift; path = FeedViewController.swift; sourceTree = "<group>"; };
		0979E19E21FB8FBD002C421D /* VideosViewController.swift */ = {isa = PBXFileReference; lastKnownFileType = sourcecode.swift; path = VideosViewController.swift; sourceTree = "<group>"; };
		09B85A99220CB5230004D41A /* NoteListViewController.swift */ = {isa = PBXFileReference; lastKnownFileType = sourcecode.swift; path = NoteListViewController.swift; sourceTree = "<group>"; };
		09B85A9C220CBB8F0004D41A /* EditNoteViewController.swift */ = {isa = PBXFileReference; lastKnownFileType = sourcecode.swift; path = EditNoteViewController.swift; sourceTree = "<group>"; };
		09B85A9E220CBFD10004D41A /* DateExt.swift */ = {isa = PBXFileReference; lastKnownFileType = sourcecode.swift; path = DateExt.swift; sourceTree = "<group>"; };
		42ECD5614709DAB330D2E295 /* Pods_GSDA.framework */ = {isa = PBXFileReference; explicitFileType = wrapper.framework; includeInIndex = 0; path = Pods_GSDA.framework; sourceTree = BUILT_PRODUCTS_DIR; };
		745224E4221F084C001AE73A /* KeyboardDismiss.swift */ = {isa = PBXFileReference; lastKnownFileType = sourcecode.swift; path = KeyboardDismiss.swift; sourceTree = "<group>"; };
		74DA594B221C634000817365 /* PdfModel.swift */ = {isa = PBXFileReference; lastKnownFileType = sourcecode.swift; path = PdfModel.swift; sourceTree = "<group>"; };
		74DA594D221C646800817365 /* PdfUploadViewController.swift */ = {isa = PBXFileReference; lastKnownFileType = sourcecode.swift; path = PdfUploadViewController.swift; sourceTree = "<group>"; };
		74DA5950221C6A7600817365 /* AssignmentsApi.swift */ = {isa = PBXFileReference; lastKnownFileType = sourcecode.swift; path = AssignmentsApi.swift; sourceTree = "<group>"; };
		94BE76A22138E3170086B560 /* GSDA.app */ = {isa = PBXFileReference; explicitFileType = wrapper.application; includeInIndex = 0; path = GSDA.app; sourceTree = BUILT_PRODUCTS_DIR; };
		94BE76A52138E3170086B560 /* AppDelegate.swift */ = {isa = PBXFileReference; lastKnownFileType = sourcecode.swift; path = AppDelegate.swift; sourceTree = "<group>"; };
		94BE76AD2138E3170086B560 /* GSDA.xcdatamodel */ = {isa = PBXFileReference; lastKnownFileType = wrapper.xcdatamodel; path = GSDA.xcdatamodel; sourceTree = "<group>"; };
		94BE76AF2138E3180086B560 /* Assets.xcassets */ = {isa = PBXFileReference; lastKnownFileType = folder.assetcatalog; path = Assets.xcassets; sourceTree = "<group>"; };
		94BE76B22138E3180086B560 /* Base */ = {isa = PBXFileReference; lastKnownFileType = file.storyboard; name = Base; path = Base.lproj/LaunchScreen.storyboard; sourceTree = "<group>"; };
		94BE76B42138E3180086B560 /* Info.plist */ = {isa = PBXFileReference; lastKnownFileType = text.plist.xml; path = Info.plist; sourceTree = "<group>"; };
		94C19D2D213B292F00350658 /* AuthService.swift */ = {isa = PBXFileReference; lastKnownFileType = sourcecode.swift; path = AuthService.swift; sourceTree = "<group>"; };
		94C19D2F213B2A9000350658 /* GoogleService-Info.plist */ = {isa = PBXFileReference; fileEncoding = 4; lastKnownFileType = text.plist.xml; path = "GoogleService-Info.plist"; sourceTree = "<group>"; };
		964D623222039F2A00C2ED12 /* MyPostsApi.swift */ = {isa = PBXFileReference; lastKnownFileType = sourcecode.swift; path = MyPostsApi.swift; sourceTree = "<group>"; };
		964D623422039F8C00C2ED12 /* FeedApi.swift */ = {isa = PBXFileReference; lastKnownFileType = sourcecode.swift; path = FeedApi.swift; sourceTree = "<group>"; };
		965961E5220B720000178B34 /* AssignmentViewController.swift */ = {isa = PBXFileReference; lastKnownFileType = sourcecode.swift; path = AssignmentViewController.swift; sourceTree = "<group>"; };
		9676465321FBA2AE00F8F660 /* UploadContentViewController.swift */ = {isa = PBXFileReference; lastKnownFileType = sourcecode.swift; path = UploadContentViewController.swift; sourceTree = "<group>"; };
		967D81C821FBAF310007BA68 /* Api.swift */ = {isa = PBXFileReference; lastKnownFileType = sourcecode.swift; path = Api.swift; sourceTree = "<group>"; };
		967D81CA21FBAFC90007BA68 /* PostApi.swift */ = {isa = PBXFileReference; lastKnownFileType = sourcecode.swift; path = PostApi.swift; sourceTree = "<group>"; };
		967D81CC21FBB0B50007BA68 /* UserApi.swift */ = {isa = PBXFileReference; lastKnownFileType = sourcecode.swift; path = UserApi.swift; sourceTree = "<group>"; };
		967D81CE21FBB1600007BA68 /* HelperService.swift */ = {isa = PBXFileReference; lastKnownFileType = sourcecode.swift; path = HelperService.swift; sourceTree = "<group>"; };
		967D81D021FBB1970007BA68 /* Config.swift */ = {isa = PBXFileReference; lastKnownFileType = sourcecode.swift; path = Config.swift; sourceTree = "<group>"; };
		9680F627220CC488005D2975 /* AssignmentCell.swift */ = {isa = PBXFileReference; lastKnownFileType = sourcecode.swift; path = AssignmentCell.swift; sourceTree = "<group>"; };
		9680F629220CCA30005D2975 /* AssignmentControllerViewController.swift */ = {isa = PBXFileReference; lastKnownFileType = sourcecode.swift; path = AssignmentControllerViewController.swift; sourceTree = "<group>"; };
		968FF1B121F24516004E5D33 /* UserModel.swift */ = {isa = PBXFileReference; lastKnownFileType = sourcecode.swift; path = UserModel.swift; sourceTree = "<group>"; };
		969CB9D121FDEE7400428C16 /* AuthServ.swift */ = {isa = PBXFileReference; lastKnownFileType = sourcecode.swift; path = AuthServ.swift; sourceTree = "<group>"; };
		96C48D5B2205AB8800A4E512 /* GSDA-Bridging-Header.h */ = {isa = PBXFileReference; lastKnownFileType = sourcecode.c.h; path = "GSDA-Bridging-Header.h"; sourceTree = "<group>"; };
		96C48D5C2205ABAB00A4E512 /* ProgressHUD.m */ = {isa = PBXFileReference; fileEncoding = 4; lastKnownFileType = sourcecode.c.objc; path = ProgressHUD.m; sourceTree = "<group>"; };
		96C48D5D2205ABBB00A4E512 /* ProgressHUD.bundle */ = {isa = PBXFileReference; lastKnownFileType = "wrapper.plug-in"; path = ProgressHUD.bundle; sourceTree = "<group>"; };
		96C48D5E2205ABCC00A4E512 /* ProgressHUD.h */ = {isa = PBXFileReference; fileEncoding = 4; lastKnownFileType = sourcecode.c.h; path = ProgressHUD.h; sourceTree = "<group>"; };
		A52967AB2203B94500F317AA /* ExpandedDutyViewController.swift */ = {isa = PBXFileReference; fileEncoding = 4; lastKnownFileType = sourcecode.swift; path = ExpandedDutyViewController.swift; sourceTree = "<group>"; };
		A52967BB2203C05200F317AA /* GSDACatalogViewController.swift */ = {isa = PBXFileReference; fileEncoding = 4; lastKnownFileType = sourcecode.swift; path = GSDACatalogViewController.swift; sourceTree = "<group>"; };
		A574C81621E54E5300A6D493 /* PhotoModel.swift */ = {isa = PBXFileReference; lastKnownFileType = sourcecode.swift; path = PhotoModel.swift; sourceTree = "<group>"; };
		A574C81A21E7B00400A6D493 /* PhotosViewController.swift */ = {isa = PBXFileReference; lastKnownFileType = sourcecode.swift; path = PhotosViewController.swift; sourceTree = "<group>"; };
		A5B30423221C9E8C00A01024 /* ProgramInfoViewController.swift */ = {isa = PBXFileReference; fileEncoding = 4; lastKnownFileType = sourcecode.swift; path = ProgramInfoViewController.swift; sourceTree = "<group>"; };
		A5B30424221C9E8C00A01024 /* RoswellLocationViewController.swift */ = {isa = PBXFileReference; fileEncoding = 4; lastKnownFileType = sourcecode.swift; path = RoswellLocationViewController.swift; sourceTree = "<group>"; };
		A5B30425221C9E8C00A01024 /* HomeViewController.swift */ = {isa = PBXFileReference; fileEncoding = 4; lastKnownFileType = sourcecode.swift; path = HomeViewController.swift; sourceTree = "<group>"; };
		A5B30426221C9E8C00A01024 /* ViewController.swift */ = {isa = PBXFileReference; fileEncoding = 4; lastKnownFileType = sourcecode.swift; path = ViewController.swift; sourceTree = "<group>"; };
		A5B30427221C9E8D00A01024 /* LocationsViewController.swift */ = {isa = PBXFileReference; fileEncoding = 4; lastKnownFileType = sourcecode.swift; path = LocationsViewController.swift; sourceTree = "<group>"; };
		A5B30428221C9E8D00A01024 /* CurriculumViewController.swift */ = {isa = PBXFileReference; fileEncoding = 4; lastKnownFileType = sourcecode.swift; path = CurriculumViewController.swift; sourceTree = "<group>"; };
		A5B30429221C9E8D00A01024 /* AccountSettingsViewController.swift */ = {isa = PBXFileReference; fileEncoding = 4; lastKnownFileType = sourcecode.swift; path = AccountSettingsViewController.swift; sourceTree = "<group>"; };
		A5B3042A221C9E8D00A01024 /* MainMenuViewController.swift */ = {isa = PBXFileReference; fileEncoding = 4; lastKnownFileType = sourcecode.swift; path = MainMenuViewController.swift; sourceTree = "<group>"; };
		A5B3042B221C9E8D00A01024 /* CourseMaterialViewController.swift */ = {isa = PBXFileReference; fileEncoding = 4; lastKnownFileType = sourcecode.swift; path = CourseMaterialViewController.swift; sourceTree = "<group>"; };
		A5B3042C221C9E8D00A01024 /* KennesawLocationViewController.swift */ = {isa = PBXFileReference; fileEncoding = 4; lastKnownFileType = sourcecode.swift; path = KennesawLocationViewController.swift; sourceTree = "<group>"; };
		A5B3042D221C9E8E00A01024 /* ResetPasswordViewController.swift */ = {isa = PBXFileReference; fileEncoding = 4; lastKnownFileType = sourcecode.swift; path = ResetPasswordViewController.swift; sourceTree = "<group>"; };
		A5B3042E221C9E8E00A01024 /* WoodstockLocationViewController.swift */ = {isa = PBXFileReference; fileEncoding = 4; lastKnownFileType = sourcecode.swift; path = WoodstockLocationViewController.swift; sourceTree = "<group>"; };
		A5CB0A0622209296007D0393 /* EnrollExpandedDuty.swift */ = {isa = PBXFileReference; lastKnownFileType = sourcecode.swift; name = EnrollExpandedDuty.swift; path = "New Group/EnrollExpandedDuty.swift"; sourceTree = "<group>"; };
		A5CB0A082220B660007D0393 /* Configurable.swift */ = {isa = PBXFileReference; lastKnownFileType = sourcecode.swift; path = Configurable.swift; sourceTree = "<group>"; };
		BE7FFF6B313660638E5B462F /* Pods-GSDA.release.xcconfig */ = {isa = PBXFileReference; includeInIndex = 1; lastKnownFileType = text.xcconfig; name = "Pods-GSDA.release.xcconfig"; path = "Pods/Target Support Files/Pods-GSDA/Pods-GSDA.release.xcconfig"; sourceTree = "<group>"; };
		E5A9EF733DFDD56B3EF81357 /* Pods-GSDA.debug.xcconfig */ = {isa = PBXFileReference; includeInIndex = 1; lastKnownFileType = text.xcconfig; name = "Pods-GSDA.debug.xcconfig"; path = "Pods/Target Support Files/Pods-GSDA/Pods-GSDA.debug.xcconfig"; sourceTree = "<group>"; };
/* End PBXFileReference section */

/* Begin PBXFrameworksBuildPhase section */
		94BE769F2138E3170086B560 /* Frameworks */ = {
			isa = PBXFrameworksBuildPhase;
			buildActionMask = 2147483647;
			files = (
				948F3294C164BC332457C1F2 /* Pods_GSDA.framework in Frameworks */,
			);
			runOnlyForDeploymentPostprocessing = 0;
		};
/* End PBXFrameworksBuildPhase section */

/* Begin PBXGroup section */
		094508C8222EFF6B00F8E7F0 /* Assignments */ = {
			isa = PBXGroup;
			children = (
				74DA594D221C646800817365 /* PdfUploadViewController.swift */,
				965961E5220B720000178B34 /* AssignmentViewController.swift */,
				9680F629220CCA30005D2975 /* AssignmentControllerViewController.swift */,
			);
			path = Assignments;
			sourceTree = "<group>";
		};
		0945921A2208C1B000744277 /* Utils */ = {
			isa = PBXGroup;
			children = (
				0945921B2208C1BB00744277 /* UIImageExtension.swift */,
				09B85A9E220CBFD10004D41A /* DateExt.swift */,
				745224E4221F084C001AE73A /* KeyboardDismiss.swift */,
			);
			path = Utils;
			sourceTree = "<group>";
		};
		0979E19721FB76C3002C421D /* Views */ = {
			isa = PBXGroup;
			children = (
				0979E19821FB76EB002C421D /* FeedCell.swift */,
				0972136A2204F95F00778B51 /* DayCell.swift */,
				9680F627220CC488005D2975 /* AssignmentCell.swift */,
			);
			path = Views;
			sourceTree = "<group>";
		};
		0D66E46205F546CFF71F1E96 /* Pods */ = {
			isa = PBXGroup;
			children = (
				E5A9EF733DFDD56B3EF81357 /* Pods-GSDA.debug.xcconfig */,
				BE7FFF6B313660638E5B462F /* Pods-GSDA.release.xcconfig */,
			);
			name = Pods;
			sourceTree = "<group>";
		};
		1E86005D216B0540000D4CD8 /* Services */ = {
			isa = PBXGroup;
			children = (
				94C19D2D213B292F00350658 /* AuthService.swift */,
				967D81C821FBAF310007BA68 /* Api.swift */,
				967D81CA21FBAFC90007BA68 /* PostApi.swift */,
				967D81CC21FBB0B50007BA68 /* UserApi.swift */,
				967D81CE21FBB1600007BA68 /* HelperService.swift */,
				967D81D021FBB1970007BA68 /* Config.swift */,
				969CB9D121FDEE7400428C16 /* AuthServ.swift */,
				964D623222039F2A00C2ED12 /* MyPostsApi.swift */,
				964D623422039F8C00C2ED12 /* FeedApi.swift */,
				09727BE42210F1580009E58E /* NoteAPI.swift */,
				74DA5950221C6A7600817365 /* AssignmentsApi.swift */,
			);
			path = Services;
			sourceTree = "<group>";
		};
		942256272139F6AB0031F7E8 /* ViewControllers */ = {
			isa = PBXGroup;
			children = (
				A52967B12203C03B00F317AA /* Course Material VC's */,
				0979E19B21FB8F00002C421D /* FeedViewController.swift */,
				A5B30426221C9E8C00A01024 /* ViewController.swift */,
				9676465321FBA2AE00F8F660 /* UploadContentViewController.swift */,
				A5B30429221C9E8D00A01024 /* AccountSettingsViewController.swift */,
				A5B3042B221C9E8D00A01024 /* CourseMaterialViewController.swift */,
				A5B30428221C9E8D00A01024 /* CurriculumViewController.swift */,
				A5B30425221C9E8C00A01024 /* HomeViewController.swift */,
				A5B3042C221C9E8D00A01024 /* KennesawLocationViewController.swift */,
				A5B30427221C9E8D00A01024 /* LocationsViewController.swift */,
				A5B3042A221C9E8D00A01024 /* MainMenuViewController.swift */,
				A5B30423221C9E8C00A01024 /* ProgramInfoViewController.swift */,
				A5B3042D221C9E8E00A01024 /* ResetPasswordViewController.swift */,
				A5B30424221C9E8C00A01024 /* RoswellLocationViewController.swift */,
				A5B3042E221C9E8E00A01024 /* WoodstockLocationViewController.swift */,
				A574C81A21E7B00400A6D493 /* PhotosViewController.swift */,
				0979E19E21FB8FBD002C421D /* VideosViewController.swift */,
				09B85A9C220CBB8F0004D41A /* EditNoteViewController.swift */,
				09B85A99220CB5230004D41A /* NoteListViewController.swift */,
				097213682204F93300778B51 /* ScheduleViewCOntroller.swift */,
				094508C8222EFF6B00F8E7F0 /* Assignments */,
				A52967AB2203B94500F317AA /* ExpandedDutyViewController.swift */,
				A5CB0A0622209296007D0393 /* EnrollExpandedDuty.swift */,
				A5CB0A082220B660007D0393 /* Configurable.swift */,
			);
			path = ViewControllers;
			sourceTree = "<group>";
		};
		94BE76992138E3170086B560 = {
			isa = PBXGroup;
			children = (
				94BE76A42138E3170086B560 /* GSDA */,
				94BE76A32138E3170086B560 /* Products */,
				0D66E46205F546CFF71F1E96 /* Pods */,
				9BB0C25D4EA3E07FEA5F9468 /* Frameworks */,
			);
			sourceTree = "<group>";
		};
		94BE76A32138E3170086B560 /* Products */ = {
			isa = PBXGroup;
			children = (
				94BE76A22138E3170086B560 /* GSDA.app */,
			);
			name = Products;
			sourceTree = "<group>";
		};
		94BE76A42138E3170086B560 /* GSDA */ = {
			isa = PBXGroup;
			children = (
				094508C9222F0FC900F8E7F0 /* GSDA.entitlements */,
				0945921A2208C1B000744277 /* Utils */,
				968FF1B321F24911004E5D33 /* Database */,
				1E86005D216B0540000D4CD8 /* Services */,
				0979E19721FB76C3002C421D /* Views */,
				942256272139F6AB0031F7E8 /* ViewControllers */,
				94BE76A52138E3170086B560 /* AppDelegate.swift */,
				94BE76AF2138E3180086B560 /* Assets.xcassets */,
				94BE76B12138E3180086B560 /* LaunchScreen.storyboard */,
				94BE76B42138E3180086B560 /* Info.plist */,
				96C48D5D2205ABBB00A4E512 /* ProgressHUD.bundle */,
				96C48D5E2205ABCC00A4E512 /* ProgressHUD.h */,
				96C48D5C2205ABAB00A4E512 /* ProgressHUD.m */,
				94C19D2F213B2A9000350658 /* GoogleService-Info.plist */,
				94BE76AC2138E3170086B560 /* GSDA.xcdatamodeld */,
				96C48D5B2205AB8800A4E512 /* GSDA-Bridging-Header.h */,
			);
			path = GSDA;
			sourceTree = "<group>";
		};
		968FF1B321F24911004E5D33 /* Database */ = {
			isa = PBXGroup;
			children = (
				A574C81521E54E2700A6D493 /* Models */,
			);
			name = Database;
			path = ..;
			sourceTree = "<group>";
		};
		9BB0C25D4EA3E07FEA5F9468 /* Frameworks */ = {
			isa = PBXGroup;
			children = (
				42ECD5614709DAB330D2E295 /* Pods_GSDA.framework */,
			);
			name = Frameworks;
			sourceTree = "<group>";
		};
		A52967B12203C03B00F317AA /* Course Material VC's */ = {
			isa = PBXGroup;
			children = (
				A52967BB2203C05200F317AA /* GSDACatalogViewController.swift */,
			);
			name = "Course Material VC's";
			path = "New Group";
			sourceTree = "<group>";
		};
		A574C81521E54E2700A6D493 /* Models */ = {
			isa = PBXGroup;
			children = (
				A574C81621E54E5300A6D493 /* PhotoModel.swift */,
				968FF1B121F24516004E5D33 /* UserModel.swift */,
				094592182208B66600744277 /* PostModel.swift */,
				09727BE62210F6650009E58E /* NoteModel.swift */,
				74DA594B221C634000817365 /* PdfModel.swift */,
			);
			path = Models;
			sourceTree = "<group>";
		};
/* End PBXGroup section */

/* Begin PBXNativeTarget section */
		94BE76A12138E3170086B560 /* GSDA */ = {
			isa = PBXNativeTarget;
			buildConfigurationList = 94BE76B72138E3180086B560 /* Build configuration list for PBXNativeTarget "GSDA" */;
			buildPhases = (
				823F3D10FC700E12377DAA4D /* [CP] Check Pods Manifest.lock */,
				94BE769E2138E3170086B560 /* Sources */,
				94BE769F2138E3170086B560 /* Frameworks */,
				94BE76A02138E3170086B560 /* Resources */,
				E2DA05D5858B263EF124BF93 /* [CP] Embed Pods Frameworks */,
				0E83F93EFD8808497EC92062 /* [CP] Copy Pods Resources */,
			);
			buildRules = (
			);
			dependencies = (
			);
			name = GSDA;
			productName = GSDA;
			productReference = 94BE76A22138E3170086B560 /* GSDA.app */;
			productType = "com.apple.product-type.application";
		};
/* End PBXNativeTarget section */

/* Begin PBXProject section */
		94BE769A2138E3170086B560 /* Project object */ = {
			isa = PBXProject;
			attributes = {
				LastSwiftUpdateCheck = 0940;
				LastUpgradeCheck = 0940;
				ORGANIZATIONNAME = "Cearley-Programs";
				TargetAttributes = {
					94BE76A12138E3170086B560 = {
						CreatedOnToolsVersion = 9.4.1;
						LastSwiftMigration = 1010;
						SystemCapabilities = {
							com.apple.ApplicationGroups.iOS = {
								enabled = 0;
							};
							com.apple.Keychain = {
								enabled = 1;
							};
							com.apple.Push = {
								enabled = 1;
							};
							com.apple.iCloud = {
								enabled = 1;
							};
						};
					};
				};
			};
			buildConfigurationList = 94BE769D2138E3170086B560 /* Build configuration list for PBXProject "GSDA" */;
			compatibilityVersion = "Xcode 9.3";
			developmentRegion = en;
			hasScannedForEncodings = 0;
			knownRegions = (
				en,
				Base,
			);
			mainGroup = 94BE76992138E3170086B560;
			productRefGroup = 94BE76A32138E3170086B560 /* Products */;
			projectDirPath = "";
			projectRoot = "";
			targets = (
				94BE76A12138E3170086B560 /* GSDA */,
			);
		};
/* End PBXProject section */

/* Begin PBXResourcesBuildPhase section */
		94BE76A02138E3170086B560 /* Resources */ = {
			isa = PBXResourcesBuildPhase;
			buildActionMask = 2147483647;
			files = (
				96C48D602205ABCD00A4E512 /* ProgressHUD.bundle in Resources */,
				94BE76B32138E3180086B560 /* LaunchScreen.storyboard in Resources */,
				94C19D30213B2A9000350658 /* GoogleService-Info.plist in Resources */,
				94BE76B02138E3180086B560 /* Assets.xcassets in Resources */,
			);
			runOnlyForDeploymentPostprocessing = 0;
		};
/* End PBXResourcesBuildPhase section */

/* Begin PBXShellScriptBuildPhase section */
		0E83F93EFD8808497EC92062 /* [CP] Copy Pods Resources */ = {
			isa = PBXShellScriptBuildPhase;
			buildActionMask = 2147483647;
			files = (
			);
			inputFileListPaths = (
			);
			inputPaths = (
				"${SRCROOT}/Pods/Target Support Files/Pods-GSDA/Pods-GSDA-resources.sh",
				"${PODS_CONFIGURATION_BUILD_DIR}/FirebaseFirestore/gRPCCertificates-Firestore.bundle",
			);
			name = "[CP] Copy Pods Resources";
			outputFileListPaths = (
			);
			outputPaths = (
				"${TARGET_BUILD_DIR}/${UNLOCALIZED_RESOURCES_FOLDER_PATH}/gRPCCertificates-Firestore.bundle",
			);
			runOnlyForDeploymentPostprocessing = 0;
			shellPath = /bin/sh;
			shellScript = "\"${SRCROOT}/Pods/Target Support Files/Pods-GSDA/Pods-GSDA-resources.sh\"\n";
			showEnvVarsInLog = 0;
		};
		823F3D10FC700E12377DAA4D /* [CP] Check Pods Manifest.lock */ = {
			isa = PBXShellScriptBuildPhase;
			buildActionMask = 2147483647;
			files = (
			);
			inputPaths = (
				"${PODS_PODFILE_DIR_PATH}/Podfile.lock",
				"${PODS_ROOT}/Manifest.lock",
			);
			name = "[CP] Check Pods Manifest.lock";
			outputPaths = (
				"$(DERIVED_FILE_DIR)/Pods-GSDA-checkManifestLockResult.txt",
			);
			runOnlyForDeploymentPostprocessing = 0;
			shellPath = /bin/sh;
			shellScript = "diff \"${PODS_PODFILE_DIR_PATH}/Podfile.lock\" \"${PODS_ROOT}/Manifest.lock\" > /dev/null\nif [ $? != 0 ] ; then\n    # print error to STDERR\n    echo \"error: The sandbox is not in sync with the Podfile.lock. Run 'pod install' or update your CocoaPods installation.\" >&2\n    exit 1\nfi\n# This output is used by Xcode 'outputs' to avoid re-running this script phase.\necho \"SUCCESS\" > \"${SCRIPT_OUTPUT_FILE_0}\"\n";
			showEnvVarsInLog = 0;
		};
		E2DA05D5858B263EF124BF93 /* [CP] Embed Pods Frameworks */ = {
			isa = PBXShellScriptBuildPhase;
			buildActionMask = 2147483647;
			files = (
			);
			inputPaths = (
				"${SRCROOT}/Pods/Target Support Files/Pods-GSDA/Pods-GSDA-frameworks.sh",
				"${BUILT_PRODUCTS_DIR}/BoringSSL/openssl.framework",
				"${BUILT_PRODUCTS_DIR}/GTMSessionFetcher/GTMSessionFetcher.framework",
				"${BUILT_PRODUCTS_DIR}/GoogleUtilities/GoogleUtilities.framework",
				"${BUILT_PRODUCTS_DIR}/JTAppleCalendar/JTAppleCalendar.framework",
				"${BUILT_PRODUCTS_DIR}/KeychainSwift/KeychainSwift.framework",
				"${BUILT_PRODUCTS_DIR}/Protobuf/Protobuf.framework",
				"${BUILT_PRODUCTS_DIR}/gRPC-C++/grpcpp.framework",
				"${BUILT_PRODUCTS_DIR}/gRPC-Core/grpc.framework",
				"${BUILT_PRODUCTS_DIR}/leveldb-library/leveldb.framework",
				"${BUILT_PRODUCTS_DIR}/nanopb/nanopb.framework",
			);
			name = "[CP] Embed Pods Frameworks";
			outputPaths = (
				"${TARGET_BUILD_DIR}/${FRAMEWORKS_FOLDER_PATH}/openssl.framework",
				"${TARGET_BUILD_DIR}/${FRAMEWORKS_FOLDER_PATH}/GTMSessionFetcher.framework",
				"${TARGET_BUILD_DIR}/${FRAMEWORKS_FOLDER_PATH}/GoogleUtilities.framework",
				"${TARGET_BUILD_DIR}/${FRAMEWORKS_FOLDER_PATH}/JTAppleCalendar.framework",
				"${TARGET_BUILD_DIR}/${FRAMEWORKS_FOLDER_PATH}/KeychainSwift.framework",
				"${TARGET_BUILD_DIR}/${FRAMEWORKS_FOLDER_PATH}/Protobuf.framework",
				"${TARGET_BUILD_DIR}/${FRAMEWORKS_FOLDER_PATH}/grpcpp.framework",
				"${TARGET_BUILD_DIR}/${FRAMEWORKS_FOLDER_PATH}/grpc.framework",
				"${TARGET_BUILD_DIR}/${FRAMEWORKS_FOLDER_PATH}/leveldb.framework",
				"${TARGET_BUILD_DIR}/${FRAMEWORKS_FOLDER_PATH}/nanopb.framework",
			);
			runOnlyForDeploymentPostprocessing = 0;
			shellPath = /bin/sh;
			shellScript = "\"${SRCROOT}/Pods/Target Support Files/Pods-GSDA/Pods-GSDA-frameworks.sh\"\n";
			showEnvVarsInLog = 0;
		};
/* End PBXShellScriptBuildPhase section */

/* Begin PBXSourcesBuildPhase section */
		94BE769E2138E3170086B560 /* Sources */ = {
			isa = PBXSourcesBuildPhase;
			buildActionMask = 2147483647;
			files = (
				A5CB0A0722209296007D0393 /* EnrollExpandedDuty.swift in Sources */,
				A574C81B21E7B00400A6D493 /* PhotosViewController.swift in Sources */,
				9680F62A220CCA30005D2975 /* AssignmentControllerViewController.swift in Sources */,
				967D81C921FBAF310007BA68 /* Api.swift in Sources */,
				965961E6220B720000178B34 /* AssignmentViewController.swift in Sources */,
				A5CB0A092220B660007D0393 /* Configurable.swift in Sources */,
				09B85A9A220CB5230004D41A /* NoteListViewController.swift in Sources */,
				0979E19921FB76EB002C421D /* FeedCell.swift in Sources */,
				A5B30434221C9E8E00A01024 /* CurriculumViewController.swift in Sources */,
				09727BE72210F6650009E58E /* NoteModel.swift in Sources */,
				0945921C2208C1BB00744277 /* UIImageExtension.swift in Sources */,
				09727BE52210F1580009E58E /* NoteAPI.swift in Sources */,
				A52967AC2203B94500F317AA /* ExpandedDutyViewController.swift in Sources */,
				A574C81721E54E5300A6D493 /* PhotoModel.swift in Sources */,
				967D81CB21FBAFC90007BA68 /* PostApi.swift in Sources */,
				A5B30433221C9E8E00A01024 /* LocationsViewController.swift in Sources */,
				A5B30439221C9E8E00A01024 /* ResetPasswordViewController.swift in Sources */,
				74DA594C221C634100817365 /* PdfModel.swift in Sources */,
				968FF1B221F24516004E5D33 /* UserModel.swift in Sources */,
				097213692204F93300778B51 /* ScheduleViewCOntroller.swift in Sources */,
				74DA5951221C6A7600817365 /* AssignmentsApi.swift in Sources */,
				A5B30438221C9E8E00A01024 /* KennesawLocationViewController.swift in Sources */,
				969CB9D221FDEE7400428C16 /* AuthServ.swift in Sources */,
				9680F628220CC488005D2975 /* AssignmentCell.swift in Sources */,
				745224E5221F084C001AE73A /* KeyboardDismiss.swift in Sources */,
				964D623322039F2A00C2ED12 /* MyPostsApi.swift in Sources */,
				09B85A9F220CBFD10004D41A /* DateExt.swift in Sources */,
				A5B30430221C9E8E00A01024 /* RoswellLocationViewController.swift in Sources */,
				A5B30431221C9E8E00A01024 /* HomeViewController.swift in Sources */,
				967D81CD21FBB0B50007BA68 /* UserApi.swift in Sources */,
				A5B3042F221C9E8E00A01024 /* ProgramInfoViewController.swift in Sources */,
				A5B30437221C9E8E00A01024 /* CourseMaterialViewController.swift in Sources */,
				94BE76A62138E3170086B560 /* AppDelegate.swift in Sources */,
				0972136B2204F95F00778B51 /* DayCell.swift in Sources */,
				0979E19F21FB8FBD002C421D /* VideosViewController.swift in Sources */,
				094592192208B66600744277 /* PostModel.swift in Sources */,
				9676465421FBA2AE00F8F660 /* UploadContentViewController.swift in Sources */,
				967D81CF21FBB1600007BA68 /* HelperService.swift in Sources */,
				74DA594E221C646800817365 /* PdfUploadViewController.swift in Sources */,
				A5B30435221C9E8E00A01024 /* AccountSettingsViewController.swift in Sources */,
				94BE76AE2138E3170086B560 /* GSDA.xcdatamodeld in Sources */,
				96C48D5F2205ABCD00A4E512 /* ProgressHUD.m in Sources */,
				967D81D121FBB1970007BA68 /* Config.swift in Sources */,
				0979E19C21FB8F00002C421D /* FeedViewController.swift in Sources */,
				A52967D12203C05500F317AA /* GSDACatalogViewController.swift in Sources */,
				A5B30432221C9E8E00A01024 /* ViewController.swift in Sources */,
				964D623522039F8C00C2ED12 /* FeedApi.swift in Sources */,
				A5B30436221C9E8E00A01024 /* MainMenuViewController.swift in Sources */,
				94C19D2E213B292F00350658 /* AuthService.swift in Sources */,
				A5B3043A221C9E8E00A01024 /* WoodstockLocationViewController.swift in Sources */,
				09B85A9D220CBB8F0004D41A /* EditNoteViewController.swift in Sources */,
			);
			runOnlyForDeploymentPostprocessing = 0;
		};
/* End PBXSourcesBuildPhase section */

/* Begin PBXVariantGroup section */
		94BE76B12138E3180086B560 /* LaunchScreen.storyboard */ = {
			isa = PBXVariantGroup;
			children = (
				94BE76B22138E3180086B560 /* Base */,
			);
			name = LaunchScreen.storyboard;
			sourceTree = "<group>";
		};
/* End PBXVariantGroup section */

/* Begin XCBuildConfiguration section */
		94BE76B52138E3180086B560 /* Debug */ = {
			isa = XCBuildConfiguration;
			buildSettings = {
				ALWAYS_SEARCH_USER_PATHS = NO;
				CLANG_ANALYZER_NONNULL = YES;
				CLANG_ANALYZER_NUMBER_OBJECT_CONVERSION = YES_AGGRESSIVE;
				CLANG_CXX_LANGUAGE_STANDARD = "gnu++14";
				CLANG_CXX_LIBRARY = "libc++";
				CLANG_ENABLE_MODULES = YES;
				CLANG_ENABLE_OBJC_ARC = YES;
				CLANG_ENABLE_OBJC_WEAK = YES;
				CLANG_WARN_BLOCK_CAPTURE_AUTORELEASING = YES;
				CLANG_WARN_BOOL_CONVERSION = YES;
				CLANG_WARN_COMMA = YES;
				CLANG_WARN_CONSTANT_CONVERSION = YES;
				CLANG_WARN_DEPRECATED_OBJC_IMPLEMENTATIONS = YES;
				CLANG_WARN_DIRECT_OBJC_ISA_USAGE = YES_ERROR;
				CLANG_WARN_DOCUMENTATION_COMMENTS = YES;
				CLANG_WARN_EMPTY_BODY = YES;
				CLANG_WARN_ENUM_CONVERSION = YES;
				CLANG_WARN_INFINITE_RECURSION = YES;
				CLANG_WARN_INT_CONVERSION = YES;
				CLANG_WARN_NON_LITERAL_NULL_CONVERSION = YES;
				CLANG_WARN_OBJC_IMPLICIT_RETAIN_SELF = YES;
				CLANG_WARN_OBJC_LITERAL_CONVERSION = YES;
				CLANG_WARN_OBJC_ROOT_CLASS = YES_ERROR;
				CLANG_WARN_RANGE_LOOP_ANALYSIS = YES;
				CLANG_WARN_STRICT_PROTOTYPES = YES;
				CLANG_WARN_SUSPICIOUS_MOVE = YES;
				CLANG_WARN_UNGUARDED_AVAILABILITY = YES_AGGRESSIVE;
				CLANG_WARN_UNREACHABLE_CODE = YES;
				CLANG_WARN__DUPLICATE_METHOD_MATCH = YES;
				CODE_SIGN_IDENTITY = "iPhone Developer";
				COPY_PHASE_STRIP = NO;
				DEBUG_INFORMATION_FORMAT = dwarf;
				ENABLE_STRICT_OBJC_MSGSEND = YES;
				ENABLE_TESTABILITY = YES;
				GCC_C_LANGUAGE_STANDARD = gnu11;
				GCC_DYNAMIC_NO_PIC = NO;
				GCC_NO_COMMON_BLOCKS = YES;
				GCC_OPTIMIZATION_LEVEL = 0;
				GCC_PREPROCESSOR_DEFINITIONS = (
					"DEBUG=1",
					"$(inherited)",
				);
				GCC_WARN_64_TO_32_BIT_CONVERSION = YES;
				GCC_WARN_ABOUT_RETURN_TYPE = YES_ERROR;
				GCC_WARN_UNDECLARED_SELECTOR = YES;
				GCC_WARN_UNINITIALIZED_AUTOS = YES_AGGRESSIVE;
				GCC_WARN_UNUSED_FUNCTION = YES;
				GCC_WARN_UNUSED_VARIABLE = YES;
				IPHONEOS_DEPLOYMENT_TARGET = 11.4;
				MTL_ENABLE_DEBUG_INFO = YES;
				ONLY_ACTIVE_ARCH = YES;
				SDKROOT = iphoneos;
				SWIFT_ACTIVE_COMPILATION_CONDITIONS = DEBUG;
				SWIFT_OPTIMIZATION_LEVEL = "-Onone";
			};
			name = Debug;
		};
		94BE76B62138E3180086B560 /* Release */ = {
			isa = XCBuildConfiguration;
			buildSettings = {
				ALWAYS_SEARCH_USER_PATHS = NO;
				CLANG_ANALYZER_NONNULL = YES;
				CLANG_ANALYZER_NUMBER_OBJECT_CONVERSION = YES_AGGRESSIVE;
				CLANG_CXX_LANGUAGE_STANDARD = "gnu++14";
				CLANG_CXX_LIBRARY = "libc++";
				CLANG_ENABLE_MODULES = YES;
				CLANG_ENABLE_OBJC_ARC = YES;
				CLANG_ENABLE_OBJC_WEAK = YES;
				CLANG_WARN_BLOCK_CAPTURE_AUTORELEASING = YES;
				CLANG_WARN_BOOL_CONVERSION = YES;
				CLANG_WARN_COMMA = YES;
				CLANG_WARN_CONSTANT_CONVERSION = YES;
				CLANG_WARN_DEPRECATED_OBJC_IMPLEMENTATIONS = YES;
				CLANG_WARN_DIRECT_OBJC_ISA_USAGE = YES_ERROR;
				CLANG_WARN_DOCUMENTATION_COMMENTS = YES;
				CLANG_WARN_EMPTY_BODY = YES;
				CLANG_WARN_ENUM_CONVERSION = YES;
				CLANG_WARN_INFINITE_RECURSION = YES;
				CLANG_WARN_INT_CONVERSION = YES;
				CLANG_WARN_NON_LITERAL_NULL_CONVERSION = YES;
				CLANG_WARN_OBJC_IMPLICIT_RETAIN_SELF = YES;
				CLANG_WARN_OBJC_LITERAL_CONVERSION = YES;
				CLANG_WARN_OBJC_ROOT_CLASS = YES_ERROR;
				CLANG_WARN_RANGE_LOOP_ANALYSIS = YES;
				CLANG_WARN_STRICT_PROTOTYPES = YES;
				CLANG_WARN_SUSPICIOUS_MOVE = YES;
				CLANG_WARN_UNGUARDED_AVAILABILITY = YES_AGGRESSIVE;
				CLANG_WARN_UNREACHABLE_CODE = YES;
				CLANG_WARN__DUPLICATE_METHOD_MATCH = YES;
				CODE_SIGN_IDENTITY = "iPhone Developer";
				COPY_PHASE_STRIP = NO;
				DEBUG_INFORMATION_FORMAT = "dwarf-with-dsym";
				ENABLE_NS_ASSERTIONS = NO;
				ENABLE_STRICT_OBJC_MSGSEND = YES;
				GCC_C_LANGUAGE_STANDARD = gnu11;
				GCC_NO_COMMON_BLOCKS = YES;
				GCC_WARN_64_TO_32_BIT_CONVERSION = YES;
				GCC_WARN_ABOUT_RETURN_TYPE = YES_ERROR;
				GCC_WARN_UNDECLARED_SELECTOR = YES;
				GCC_WARN_UNINITIALIZED_AUTOS = YES_AGGRESSIVE;
				GCC_WARN_UNUSED_FUNCTION = YES;
				GCC_WARN_UNUSED_VARIABLE = YES;
				IPHONEOS_DEPLOYMENT_TARGET = 11.4;
				MTL_ENABLE_DEBUG_INFO = NO;
				SDKROOT = iphoneos;
				SWIFT_COMPILATION_MODE = wholemodule;
				SWIFT_OPTIMIZATION_LEVEL = "-O";
				VALIDATE_PRODUCT = YES;
			};
			name = Release;
		};
		94BE76B82138E3180086B560 /* Debug */ = {
			isa = XCBuildConfiguration;
			baseConfigurationReference = E5A9EF733DFDD56B3EF81357 /* Pods-GSDA.debug.xcconfig */;
			buildSettings = {
				ASSETCATALOG_COMPILER_APPICON_NAME = AppIcon;
				CLANG_ENABLE_MODULES = YES;
				CODE_SIGN_ENTITLEMENTS = GSDA/GSDA.entitlements;
				CODE_SIGN_STYLE = Automatic;
				DEVELOPMENT_TEAM = 4BH5KRFJ6A;
				ENABLE_BITCODE = NO;
				INFOPLIST_FILE = GSDA/Info.plist;
				IPHONEOS_DEPLOYMENT_TARGET = 11.0;
				LD_RUNPATH_SEARCH_PATHS = (
					"$(inherited)",
					"@executable_path/Frameworks",
				);
				PRODUCT_BUNDLE_IDENTIFIER = CearleyPrograms.GSDAStudentApp;
				PRODUCT_NAME = "$(TARGET_NAME)";
				SWIFT_OBJC_BRIDGING_HEADER = "GSDA/GSDA-Bridging-Header.h";
				SWIFT_OPTIMIZATION_LEVEL = "-Onone";
				SWIFT_VERSION = 4.0;
				TARGETED_DEVICE_FAMILY = 1;
			};
			name = Debug;
		};
		94BE76B92138E3180086B560 /* Release */ = {
			isa = XCBuildConfiguration;
			baseConfigurationReference = BE7FFF6B313660638E5B462F /* Pods-GSDA.release.xcconfig */;
			buildSettings = {
				ASSETCATALOG_COMPILER_APPICON_NAME = AppIcon;
				CLANG_ENABLE_MODULES = YES;
				CODE_SIGN_ENTITLEMENTS = GSDA/GSDA.entitlements;
				CODE_SIGN_STYLE = Automatic;
				DEVELOPMENT_TEAM = 4BH5KRFJ6A;
				ENABLE_BITCODE = NO;
				INFOPLIST_FILE = GSDA/Info.plist;
				IPHONEOS_DEPLOYMENT_TARGET = 11.0;
				LD_RUNPATH_SEARCH_PATHS = (
					"$(inherited)",
					"@executable_path/Frameworks",
				);
				PRODUCT_BUNDLE_IDENTIFIER = CearleyPrograms.GSDAStudentApp;
				PRODUCT_NAME = "$(TARGET_NAME)";
				SWIFT_OBJC_BRIDGING_HEADER = "GSDA/GSDA-Bridging-Header.h";
				SWIFT_VERSION = 4.0;
				TARGETED_DEVICE_FAMILY = 1;
			};
			name = Release;
		};
/* End XCBuildConfiguration section */

/* Begin XCConfigurationList section */
		94BE769D2138E3170086B560 /* Build configuration list for PBXProject "GSDA" */ = {
			isa = XCConfigurationList;
			buildConfigurations = (
				94BE76B52138E3180086B560 /* Debug */,
				94BE76B62138E3180086B560 /* Release */,
			);
			defaultConfigurationIsVisible = 0;
			defaultConfigurationName = Release;
		};
		94BE76B72138E3180086B560 /* Build configuration list for PBXNativeTarget "GSDA" */ = {
			isa = XCConfigurationList;
			buildConfigurations = (
				94BE76B82138E3180086B560 /* Debug */,
				94BE76B92138E3180086B560 /* Release */,
			);
			defaultConfigurationIsVisible = 0;
			defaultConfigurationName = Release;
		};
/* End XCConfigurationList section */

/* Begin XCVersionGroup section */
		94BE76AC2138E3170086B560 /* GSDA.xcdatamodeld */ = {
			isa = XCVersionGroup;
			children = (
				94BE76AD2138E3170086B560 /* GSDA.xcdatamodel */,
			);
			currentVersion = 94BE76AD2138E3170086B560 /* GSDA.xcdatamodel */;
			path = GSDA.xcdatamodeld;
			sourceTree = "<group>";
			versionGroupType = wrapper.xcdatamodel;
		};
/* End XCVersionGroup section */
	};
	rootObject = 94BE769A2138E3170086B560 /* Project object */;
}
